<?xml version="1.0" encoding="utf-8"?>
<Project ToolsVersion="4.0" xmlns="http://schemas.microsoft.com/developer/msbuild/2003">
  <ItemGroup>
    <Filter Include="Source Files">
      <UniqueIdentifier>{4FC737F1-C7A5-4376-A066-2A32D752A2FF}</UniqueIdentifier>
      <Extensions>cpp;c;cc;cxx;def;odl;idl;hpj;bat;asm;asmx</Extensions>
    </Filter>
    <Filter Include="Header Files">
      <UniqueIdentifier>{93995380-89BD-4b04-88EB-625FBE52EBFB}</UniqueIdentifier>
      <Extensions>h;hpp;hxx;hm;inl;inc;xsd</Extensions>
    </Filter>
    <Filter Include="Resource Files">
      <UniqueIdentifier>{67DA6AB6-F800-4c08-8B7A-83BB121AAD01}</UniqueIdentifier>
      <Extensions>rc;ico;cur;bmp;dlg;rc2;rct;bin;rgs;gif;jpg;jpeg;jpe;resx;tiff;tif;png;wav;mfcribbon-ms</Extensions>
    </Filter>
    <Filter Include="Lexer / Parser Files">
      <UniqueIdentifier>{92a126d4-b5a1-4f93-81a3-03f41c9e71d2}</UniqueIdentifier>
    </Filter>
    <Filter Include="Lexer / Parser Files\Generated Files">
      <UniqueIdentifier>{404e102e-6dac-46cd-8867-3fd92b4e5d09}</UniqueIdentifier>
    </Filter>
  </ItemGroup>
  <ItemGroup>
    <CustomBuild Include="lexer.l">
      <Filter>Lexer / Parser Files</Filter>
    </CustomBuild>
    <CustomBuild Include="parser.y">
      <Filter>Lexer / Parser Files</Filter>
    </CustomBuild>
  </ItemGroup>
  <ItemGroup>
    <ClCompile Include="lexer.c">
      <Filter>Lexer / Parser Files\Generated Files</Filter>
    </ClCompile>
    <ClCompile Include="parser.c">
      <Filter>Lexer / Parser Files\Generated Files</Filter>
    </ClCompile>
    <ClCompile Include="assem.c">
      <Filter>Source Files</Filter>
    </ClCompile>
    <ClCompile Include="main.c">
      <Filter>Source Files</Filter>
    </ClCompile>
    <ClCompile Include="imap.c">
      <Filter>Source Files</Filter>
    </ClCompile>
    <ClCompile Include="aout.c">
      <Filter>Source Files</Filter>
    </ClCompile>
    <ClCompile Include="aerr.c">
      <Filter>Source Files</Filter>
    </ClCompile>
    <ClCompile Include="treloc.c">
      <Filter>Source Files</Filter>
    </ClCompile>
    <ClCompile Include="textn.c">
      <Filter>Source Files</Filter>
    </ClCompile>
    <ClCompile Include="pp.c">
      <Filter>Source Files</Filter>
    </ClCompile>
  </ItemGroup>
  <ItemGroup>
    <ClInclude Include="node.h">
      <Filter>Header Files</Filter>
    </ClInclude>
    <ClInclude Include="parser.h">
      <Filter>Lexer / Parser Files\Generated Files</Filter>
    </ClInclude>
    <ClInclude Include="assem.h">
      <Filter>Header Files</Filter>
    </ClInclude>
    <ClInclude Include="imap.h">
      <Filter>Header Files</Filter>
    </ClInclude>
    <ClInclude Include="aout.h">
      <Filter>Header Files</Filter>
    </ClInclude>
    <ClInclude Include="aerr.h">
      <Filter>Header Files</Filter>
    </ClInclude>
    <ClInclude Include="treloc.h">
      <Filter>Header Files</Filter>
    </ClInclude>
    <ClInclude Include="textn.h">
      <Filter>Header Files</Filter>
    </ClInclude>
    <ClInclude Include="pp.h">
      <Filter>Header Files</Filter>
    </ClInclude>
  </ItemGroup>
</Project>