<?xml version="1.0" encoding="utf-8"?>
<Project ToolsVersion="4.0" xmlns="http://schemas.microsoft.com/developer/msbuild/2003">
  <ItemGroup>
    <ClCompile Include="C:\Server Storage\Projects\- Personal Projects\0x10c\assembler\parser.c">
      <Filter>Source Files</Filter>
    </ClCompile>
    <ClCompile Include="C:\Server Storage\Projects\- Personal Projects\0x10c\assembler\lexer.c">
      <Filter>Source Files</Filter>
    </ClCompile>
    <ClCompile Include="C:\Server Storage\Projects\- Personal Projects\0x10c\assembler\aerr.c">
      <Filter>Source Files</Filter>
    </ClCompile>
    <ClCompile Include="C:\Server Storage\Projects\- Personal Projects\0x10c\assembler\aout.c">
      <Filter>Source Files</Filter>
    </ClCompile>
    <ClCompile Include="C:\Server Storage\Projects\- Personal Projects\0x10c\assembler\assem.c">
      <Filter>Source Files</Filter>
    </ClCompile>
    <ClCompile Include="C:\Server Storage\Projects\- Personal Projects\0x10c\assembler\imap.c">
      <Filter>Source Files</Filter>
    </ClCompile>
    <ClCompile Include="C:\Server Storage\Projects\- Personal Projects\0x10c\assembler\main.c">
      <Filter>Source Files</Filter>
    </ClCompile>
    <ClCompile Include="C:\Server Storage\Projects\- Personal Projects\0x10c\assembler\pp.c">
      <Filter>Source Files</Filter>
    </ClCompile>
    <ClCompile Include="C:\Server Storage\Projects\- Personal Projects\0x10c\assembler\textn.c">
      <Filter>Source Files</Filter>
    </ClCompile>
    <ClCompile Include="C:\Server Storage\Projects\- Personal Projects\0x10c\assembler\treloc.c">
      <Filter>Source Files</Filter>
    </ClCompile>
  </ItemGroup>
  <ItemGroup>
    <ClInclude Include="C:\Server Storage\Projects\- Personal Projects\0x10c\assembler\aerr.h">
      <Filter>Header Files</Filter>
    </ClInclude>
    <ClInclude Include="C:\Server Storage\Projects\- Personal Projects\0x10c\assembler\aout.h">
      <Filter>Header Files</Filter>
    </ClInclude>
    <ClInclude Include="C:\Server Storage\Projects\- Personal Projects\0x10c\assembler\assem.h">
      <Filter>Header Files</Filter>
    </ClInclude>
    <ClInclude Include="C:\Server Storage\Projects\- Personal Projects\0x10c\assembler\imap.h">
      <Filter>Header Files</Filter>
    </ClInclude>
    <ClInclude Include="C:\Server Storage\Projects\- Personal Projects\0x10c\assembler\node.h">
      <Filter>Header Files</Filter>
    </ClInclude>
    <ClInclude Include="C:\Server Storage\Projects\- Personal Projects\0x10c\assembler\parser.h">
      <Filter>Header Files</Filter>
    </ClInclude>
    <ClInclude Include="C:\Server Storage\Projects\- Personal Projects\0x10c\assembler\pp.h">
      <Filter>Header Files</Filter>
    </ClInclude>
    <ClInclude Include="C:\Server Storage\Projects\- Personal Projects\0x10c\assembler\textn.h">
      <Filter>Header Files</Filter>
    </ClInclude>
    <ClInclude Include="C:\Server Storage\Projects\- Personal Projects\0x10c\assembler\treloc.h">
      <Filter>Header Files</Filter>
    </ClInclude>
  </ItemGroup>
  <ItemGroup>
  </ItemGroup>
  <ItemGroup>
  </ItemGroup>
  <ItemGroup>
    <CustomBuild Include="parser.c.rule">
      <Filter>CMake Rules</Filter>
    </CustomBuild>
    <CustomBuild Include="lexer.c.rule">
      <Filter>CMake Rules</Filter>
    </CustomBuild>
    <CustomBuild Include="parser.h.rule">
      <Filter>CMake Rules</Filter>
    </CustomBuild>
    <CustomBuild Include="CMakeLists.txt" />
  </ItemGroup>
  <ItemGroup>
    <Filter Include="Source Files">
      <UniqueIdentifier>{D6BF89B7-95B4-476C-A2C9-DF470DA7687F}</UniqueIdentifier>
    </Filter>
    <Filter Include="Header Files">
      <UniqueIdentifier>{3DB7EA69-17E0-4761-9E4E-2EA4F1BB7C39}</UniqueIdentifier>
    </Filter>
    <Filter Include="CMake Rules">
      <UniqueIdentifier>{2B7F3704-85F3-412C-BBB2-B9510A106AF9}</UniqueIdentifier>
    </Filter>
    <Filter Include="Lexer / Parser Files">
      <UniqueIdentifier>{95EBCC86-3F3D-4813-BE28-D1A03BED59E0}</UniqueIdentifier>
    </Filter>
  </ItemGroup>
  <ItemGroup>
    <None Include="C:\Server Storage\Projects\- Personal Projects\0x10c\assembler\parser.y">
      <Filter>Lexer / Parser Files</Filter>
    </None>
    <None Include="C:\Server Storage\Projects\- Personal Projects\0x10c\assembler\lexer.l">
      <Filter>Lexer / Parser Files</Filter>
    </None>
  </ItemGroup>
</Project>
