<?xml version="1.0" encoding="utf-8"?>
<Project ToolsVersion="4.0" xmlns="http://schemas.microsoft.com/developer/msbuild/2003">
  <ItemGroup>
    <ClCompile Include="C:\Server Storage\Projects\- Personal Projects\0x10c\linker\ldata.c">
      <Filter>Source Files</Filter>
    </ClCompile>
    <ClCompile Include="C:\Server Storage\Projects\- Personal Projects\0x10c\linker\lprov.c">
      <Filter>Source Files</Filter>
    </ClCompile>
    <ClCompile Include="C:\Server Storage\Projects\- Personal Projects\0x10c\linker\main.c">
      <Filter>Source Files</Filter>
    </ClCompile>
  </ItemGroup>
  <ItemGroup>
    <ClInclude Include="C:\Server Storage\Projects\- Personal Projects\0x10c\linker\ldata.h">
      <Filter>Header Files</Filter>
    </ClInclude>
    <ClInclude Include="C:\Server Storage\Projects\- Personal Projects\0x10c\linker\lprov.h">
      <Filter>Header Files</Filter>
    </ClInclude>
  </ItemGroup>
  <ItemGroup>
  </ItemGroup>
  <ItemGroup>
  </ItemGroup>
  <ItemGroup>
    <CustomBuild Include="CMakeLists.txt" />
  </ItemGroup>
  <ItemGroup>
    <Filter Include="Source Files">
      <UniqueIdentifier>{D6BF89B7-95B4-476C-A2C9-DF470DA7687F}</UniqueIdentifier>
    </Filter>
    <Filter Include="Header Files">
      <UniqueIdentifier>{3DB7EA69-17E0-4761-9E4E-2EA4F1BB7C39}</UniqueIdentifier>
    </Filter>
  </ItemGroup>
  <ItemGroup>
  </ItemGroup>
</Project>
