Microsoft Visual Studio Solution File, Format Version 11.00
# Visual Studio 2010
Project("{8BC9CEB8-8B4A-11D0-8D11-00A0C91BC942}") = "ALL_BUILD", "ALL_BUILD.vcxproj", "{F5F5CFEC-DBB9-4B23-A574-B138168D8CF8}"
	ProjectSection(ProjectDependencies) = postProject
		{20876382-947C-4E7E-BDD4-E8261D83533D} = {20876382-947C-4E7E-BDD4-E8261D83533D}
	EndProjectSection
EndProject
Project("{8BC9CEB8-8B4A-11D0-8D11-00A0C91BC942}") = "ZERO_CHECK", "..\ZERO_CHECK.vcxproj", "{DFDF6085-226D-4D1C-A450-C94B2B046C83}"
	ProjectSection(ProjectDependencies) = postProject
	EndProjectSection
EndProject
Project("{8BC9CEB8-8B4A-11D0-8D11-00A0C91BC942}") = "argtable2", "..\third-party\argtable2\argtable2.vcxproj", "{F0D4AFD1-48A4-4BB6-BB06-D9BAA0004CFE}"
	ProjectSection(ProjectDependencies) = postProject
		{DFDF6085-226D-4D1C-A450-C94B2B046C83} = {DFDF6085-226D-4D1C-A450-C94B2B046C83}
	EndProjectSection
EndProject
Project("{8BC9CEB8-8B4A-11D0-8D11-00A0C91BC942}") = "compiler", "compiler.vcxproj", "{20876382-947C-4E7E-BDD4-E8261D83533D}"
	ProjectSection(ProjectDependencies) = postProject
		{DFDF6085-226D-4D1C-A450-C94B2B046C83} = {DFDF6085-226D-4D1C-A450-C94B2B046C83}
		{F0D4AFD1-48A4-4BB6-BB06-D9BAA0004CFE} = {F0D4AFD1-48A4-4BB6-BB06-D9BAA0004CFE}
		{2C83F23F-E164-4CDE-80C2-2959866829B4} = {2C83F23F-E164-4CDE-80C2-2959866829B4}
	EndProjectSection
EndProject
Project("{8BC9CEB8-8B4A-11D0-8D11-00A0C91BC942}") = "libvm", "..\libvm\libvm.vcxproj", "{2C83F23F-E164-4CDE-80C2-2959866829B4}"
	ProjectSection(ProjectDependencies) = postProject
		{DFDF6085-226D-4D1C-A450-C94B2B046C83} = {DFDF6085-226D-4D1C-A450-C94B2B046C83}
	EndProjectSection
EndProject
Project("{2150E333-8FDC-42A3-9474-1A3956D46DE8}") = "cmake", "cmake", "{07D1BDB6-B945-46F5-A5A9-AB661DA53198}"
EndProject
Project("{2150E333-8FDC-42A3-9474-1A3956D46DE8}") = "third-party", "third-party", "{E5E28DA8-4764-4D73-830C-B8B160D584FA}"
EndProject
Global
	GlobalSection(SolutionConfigurationPlatforms) = preSolution
		Debug|Win32 = Debug|Win32
		Release|Win32 = Release|Win32
		MinSizeRel|Win32 = MinSizeRel|Win32
		RelWithDebInfo|Win32 = RelWithDebInfo|Win32
	EndGlobalSection
	GlobalSection(ProjectConfigurationPlatforms) = postSolution
		{F5F5CFEC-DBB9-4B23-A574-B138168D8CF8}.Debug|Win32.ActiveCfg = Debug|Win32
		{F5F5CFEC-DBB9-4B23-A574-B138168D8CF8}.Release|Win32.ActiveCfg = Release|Win32
		{F5F5CFEC-DBB9-4B23-A574-B138168D8CF8}.MinSizeRel|Win32.ActiveCfg = MinSizeRel|Win32
		{F5F5CFEC-DBB9-4B23-A574-B138168D8CF8}.RelWithDebInfo|Win32.ActiveCfg = RelWithDebInfo|Win32
		{DFDF6085-226D-4D1C-A450-C94B2B046C83}.Debug|Win32.ActiveCfg = Debug|Win32
		{DFDF6085-226D-4D1C-A450-C94B2B046C83}.Debug|Win32.Build.0 = Debug|Win32
		{DFDF6085-226D-4D1C-A450-C94B2B046C83}.Release|Win32.ActiveCfg = Release|Win32
		{DFDF6085-226D-4D1C-A450-C94B2B046C83}.Release|Win32.Build.0 = Release|Win32
		{DFDF6085-226D-4D1C-A450-C94B2B046C83}.MinSizeRel|Win32.ActiveCfg = MinSizeRel|Win32
		{DFDF6085-226D-4D1C-A450-C94B2B046C83}.MinSizeRel|Win32.Build.0 = MinSizeRel|Win32
		{DFDF6085-226D-4D1C-A450-C94B2B046C83}.RelWithDebInfo|Win32.ActiveCfg = RelWithDebInfo|Win32
		{DFDF6085-226D-4D1C-A450-C94B2B046C83}.RelWithDebInfo|Win32.Build.0 = RelWithDebInfo|Win32
		{F0D4AFD1-48A4-4BB6-BB06-D9BAA0004CFE}.Debug|Win32.ActiveCfg = Debug|Win32
		{F0D4AFD1-48A4-4BB6-BB06-D9BAA0004CFE}.Debug|Win32.Build.0 = Debug|Win32
		{F0D4AFD1-48A4-4BB6-BB06-D9BAA0004CFE}.Release|Win32.ActiveCfg = Release|Win32
		{F0D4AFD1-48A4-4BB6-BB06-D9BAA0004CFE}.Release|Win32.Build.0 = Release|Win32
		{F0D4AFD1-48A4-4BB6-BB06-D9BAA0004CFE}.MinSizeRel|Win32.ActiveCfg = MinSizeRel|Win32
		{F0D4AFD1-48A4-4BB6-BB06-D9BAA0004CFE}.MinSizeRel|Win32.Build.0 = MinSizeRel|Win32
		{F0D4AFD1-48A4-4BB6-BB06-D9BAA0004CFE}.RelWithDebInfo|Win32.ActiveCfg = RelWithDebInfo|Win32
		{F0D4AFD1-48A4-4BB6-BB06-D9BAA0004CFE}.RelWithDebInfo|Win32.Build.0 = RelWithDebInfo|Win32
		{20876382-947C-4E7E-BDD4-E8261D83533D}.Debug|Win32.ActiveCfg = Debug|Win32
		{20876382-947C-4E7E-BDD4-E8261D83533D}.Debug|Win32.Build.0 = Debug|Win32
		{20876382-947C-4E7E-BDD4-E8261D83533D}.Release|Win32.ActiveCfg = Release|Win32
		{20876382-947C-4E7E-BDD4-E8261D83533D}.Release|Win32.Build.0 = Release|Win32
		{20876382-947C-4E7E-BDD4-E8261D83533D}.MinSizeRel|Win32.ActiveCfg = MinSizeRel|Win32
		{20876382-947C-4E7E-BDD4-E8261D83533D}.MinSizeRel|Win32.Build.0 = MinSizeRel|Win32
		{20876382-947C-4E7E-BDD4-E8261D83533D}.RelWithDebInfo|Win32.ActiveCfg = RelWithDebInfo|Win32
		{20876382-947C-4E7E-BDD4-E8261D83533D}.RelWithDebInfo|Win32.Build.0 = RelWithDebInfo|Win32
		{2C83F23F-E164-4CDE-80C2-2959866829B4}.Debug|Win32.ActiveCfg = Debug|Win32
		{2C83F23F-E164-4CDE-80C2-2959866829B4}.Debug|Win32.Build.0 = Debug|Win32
		{2C83F23F-E164-4CDE-80C2-2959866829B4}.Release|Win32.ActiveCfg = Release|Win32
		{2C83F23F-E164-4CDE-80C2-2959866829B4}.Release|Win32.Build.0 = Release|Win32
		{2C83F23F-E164-4CDE-80C2-2959866829B4}.MinSizeRel|Win32.ActiveCfg = MinSizeRel|Win32
		{2C83F23F-E164-4CDE-80C2-2959866829B4}.MinSizeRel|Win32.Build.0 = MinSizeRel|Win32
		{2C83F23F-E164-4CDE-80C2-2959866829B4}.RelWithDebInfo|Win32.ActiveCfg = RelWithDebInfo|Win32
		{2C83F23F-E164-4CDE-80C2-2959866829B4}.RelWithDebInfo|Win32.Build.0 = RelWithDebInfo|Win32
	EndGlobalSection
	GlobalSection(NestedProjects) = preSolution
		{DFDF6085-226D-4D1C-A450-C94B2B046C83} = {07D1BDB6-B945-46F5-A5A9-AB661DA53198}
		{F0D4AFD1-48A4-4BB6-BB06-D9BAA0004CFE} = {E5E28DA8-4764-4D73-830C-B8B160D584FA}
	EndGlobalSection
	GlobalSection(ExtensibilityGlobals) = postSolution
	EndGlobalSection
	GlobalSection(ExtensibilityAddIns) = postSolution
	EndGlobalSection
EndGlobal
