<?xml version="1.0" encoding="utf-8"?>
<Project ToolsVersion="4.0" xmlns="http://schemas.microsoft.com/developer/msbuild/2003">
  <ItemGroup>
    <Filter Include="Source Files">
      <UniqueIdentifier>{4FC737F1-C7A5-4376-A066-2A32D752A2FF}</UniqueIdentifier>
      <Extensions>cpp;c;cc;cxx;def;odl;idl;hpj;bat;asm;asmx</Extensions>
    </Filter>
    <Filter Include="Header Files">
      <UniqueIdentifier>{93995380-89BD-4b04-88EB-625FBE52EBFB}</UniqueIdentifier>
      <Extensions>h;hpp;hxx;hm;inl;inc;xsd</Extensions>
    </Filter>
    <Filter Include="Resource Files">
      <UniqueIdentifier>{67DA6AB6-F800-4c08-8B7A-83BB121AAD01}</UniqueIdentifier>
      <Extensions>rc;ico;cur;bmp;dlg;rc2;rct;bin;rgs;gif;jpg;jpeg;jpe;resx;tiff;tif;png;wav;mfcribbon-ms</Extensions>
    </Filter>
    <Filter Include="Lexer / Parser Files">
      <UniqueIdentifier>{09a2787e-8ce3-4ea7-827a-c90068d2f26b}</UniqueIdentifier>
      <Extensions>*.y;*.l</Extensions>
    </Filter>
    <Filter Include="Lexer / Parser Files\Generated Files">
      <UniqueIdentifier>{fd74e29a-5d31-4074-b4cb-4bb20c94086b}</UniqueIdentifier>
      <Extensions>*.h;*.c</Extensions>
    </Filter>
    <Filter Include="Test Files">
      <UniqueIdentifier>{49873856-90c4-4d14-a72e-d9949595ce65}</UniqueIdentifier>
    </Filter>
  </ItemGroup>
  <ItemGroup>
    <ClCompile Include="pp.c">
      <Filter>Source Files</Filter>
    </ClCompile>
    <ClCompile Include="parser.cpp">
      <Filter>Lexer / Parser Files\Generated Files</Filter>
    </ClCompile>
    <ClCompile Include="lexer.cpp">
      <Filter>Lexer / Parser Files\Generated Files</Filter>
    </ClCompile>
    <ClCompile Include="main.cpp">
      <Filter>Source Files</Filter>
    </ClCompile>
    <ClCompile Include="asmgen.cpp">
      <Filter>Source Files</Filter>
    </ClCompile>
    <ClCompile Include="node.cpp">
      <Filter>Source Files</Filter>
    </ClCompile>
    <ClCompile Include="asmtypes.cpp">
      <Filter>Source Files</Filter>
    </ClCompile>
  </ItemGroup>
  <ItemGroup>
    <CustomBuild Include="lexer.l">
      <Filter>Lexer / Parser Files</Filter>
    </CustomBuild>
    <CustomBuild Include="parser.y">
      <Filter>Lexer / Parser Files</Filter>
    </CustomBuild>
  </ItemGroup>
  <ItemGroup>
    <ClInclude Include="pp.h">
      <Filter>Header Files</Filter>
    </ClInclude>
    <ClInclude Include="parser.hpp">
      <Filter>Lexer / Parser Files\Generated Files</Filter>
    </ClInclude>
    <ClInclude Include="node.h">
      <Filter>Header Files</Filter>
    </ClInclude>
    <ClInclude Include="asmgen.h">
      <Filter>Header Files</Filter>
    </ClInclude>
    <ClInclude Include="asmtypes.h">
      <Filter>Header Files</Filter>
    </ClInclude>
  </ItemGroup>
  <ItemGroup>
    <None Include="bootstrap.asm">
      <Filter>Resource Files</Filter>
    </None>
    <None Include="dist\screen.m">
      <Filter>Test Files</Filter>
    </None>
    <None Include="dist\test.c">
      <Filter>Test Files</Filter>
    </None>
  </ItemGroup>
</Project>