<?xml version="1.0" encoding="utf-8"?>
<Project ToolsVersion="4.0" xmlns="http://schemas.microsoft.com/developer/msbuild/2003">
  <ItemGroup>
    <ClCompile Include="C:\Server Storage\Projects\- Personal Projects\0x10c\compiler\parser.cpp">
      <Filter>Source Files</Filter>
    </ClCompile>
    <ClCompile Include="C:\Server Storage\Projects\- Personal Projects\0x10c\compiler\lexer.cpp">
      <Filter>Source Files</Filter>
    </ClCompile>
    <ClCompile Include="C:\Server Storage\Projects\- Personal Projects\0x10c\compiler\nodes\NAddressOfOperator.cpp">
      <Filter>Source Files\nodes</Filter>
    </ClCompile>
    <ClCompile Include="C:\Server Storage\Projects\- Personal Projects\0x10c\compiler\nodes\NAssignment.cpp">
      <Filter>Source Files\nodes</Filter>
    </ClCompile>
    <ClCompile Include="C:\Server Storage\Projects\- Personal Projects\0x10c\compiler\nodes\NBinaryOperator.cpp">
      <Filter>Source Files\nodes</Filter>
    </ClCompile>
    <ClCompile Include="C:\Server Storage\Projects\- Personal Projects\0x10c\compiler\nodes\NBlock.cpp">
      <Filter>Source Files\nodes</Filter>
    </ClCompile>
    <ClCompile Include="C:\Server Storage\Projects\- Personal Projects\0x10c\compiler\nodes\NCharacter.cpp">
      <Filter>Source Files\nodes</Filter>
    </ClCompile>
    <ClCompile Include="C:\Server Storage\Projects\- Personal Projects\0x10c\compiler\nodes\NDebugStatement.cpp">
      <Filter>Source Files\nodes</Filter>
    </ClCompile>
    <ClCompile Include="C:\Server Storage\Projects\- Personal Projects\0x10c\compiler\nodes\NDeclarations.cpp">
      <Filter>Source Files\nodes</Filter>
    </ClCompile>
    <ClCompile Include="C:\Server Storage\Projects\- Personal Projects\0x10c\compiler\nodes\NDereferenceOperator.cpp">
      <Filter>Source Files\nodes</Filter>
    </ClCompile>
    <ClCompile Include="C:\Server Storage\Projects\- Personal Projects\0x10c\compiler\nodes\NExpressionStatement.cpp">
      <Filter>Source Files\nodes</Filter>
    </ClCompile>
    <ClCompile Include="C:\Server Storage\Projects\- Personal Projects\0x10c\compiler\nodes\NForStatement.cpp">
      <Filter>Source Files\nodes</Filter>
    </ClCompile>
    <ClCompile Include="C:\Server Storage\Projects\- Personal Projects\0x10c\compiler\nodes\NFunctionDeclaration.cpp">
      <Filter>Source Files\nodes</Filter>
    </ClCompile>
    <ClCompile Include="C:\Server Storage\Projects\- Personal Projects\0x10c\compiler\nodes\NFunctionSignature.cpp">
      <Filter>Source Files\nodes</Filter>
    </ClCompile>
    <ClCompile Include="C:\Server Storage\Projects\- Personal Projects\0x10c\compiler\nodes\NIdentifier.cpp">
      <Filter>Source Files\nodes</Filter>
    </ClCompile>
    <ClCompile Include="C:\Server Storage\Projects\- Personal Projects\0x10c\compiler\nodes\NIfStatement.cpp">
      <Filter>Source Files\nodes</Filter>
    </ClCompile>
    <ClCompile Include="C:\Server Storage\Projects\- Personal Projects\0x10c\compiler\nodes\NInteger.cpp">
      <Filter>Source Files\nodes</Filter>
    </ClCompile>
    <ClCompile Include="C:\Server Storage\Projects\- Personal Projects\0x10c\compiler\nodes\NMethodCall.cpp">
      <Filter>Source Files\nodes</Filter>
    </ClCompile>
    <ClCompile Include="C:\Server Storage\Projects\- Personal Projects\0x10c\compiler\nodes\NReturnStatement.cpp">
      <Filter>Source Files\nodes</Filter>
    </ClCompile>
    <ClCompile Include="C:\Server Storage\Projects\- Personal Projects\0x10c\compiler\nodes\NSizeOfOperator.cpp">
      <Filter>Source Files\nodes</Filter>
    </ClCompile>
    <ClCompile Include="C:\Server Storage\Projects\- Personal Projects\0x10c\compiler\nodes\NString.cpp">
      <Filter>Source Files\nodes</Filter>
    </ClCompile>
    <ClCompile Include="C:\Server Storage\Projects\- Personal Projects\0x10c\compiler\nodes\NStructureDeclaration.cpp">
      <Filter>Source Files\nodes</Filter>
    </ClCompile>
    <ClCompile Include="C:\Server Storage\Projects\- Personal Projects\0x10c\compiler\nodes\NStructureResolutionOperator.cpp">
      <Filter>Source Files\nodes</Filter>
    </ClCompile>
    <ClCompile Include="C:\Server Storage\Projects\- Personal Projects\0x10c\compiler\nodes\NType.cpp">
      <Filter>Source Files\nodes</Filter>
    </ClCompile>
    <ClCompile Include="C:\Server Storage\Projects\- Personal Projects\0x10c\compiler\nodes\NVariableDeclaration.cpp">
      <Filter>Source Files\nodes</Filter>
    </ClCompile>
    <ClCompile Include="C:\Server Storage\Projects\- Personal Projects\0x10c\compiler\nodes\NWhileStatement.cpp">
      <Filter>Source Files\nodes</Filter>
    </ClCompile>
    <ClCompile Include="C:\Server Storage\Projects\- Personal Projects\0x10c\compiler\pp.c">
      <Filter>Source Files</Filter>
    </ClCompile>
    <ClCompile Include="C:\Server Storage\Projects\- Personal Projects\0x10c\compiler\asmgen.cpp">
      <Filter>Source Files</Filter>
    </ClCompile>
    <ClCompile Include="C:\Server Storage\Projects\- Personal Projects\0x10c\compiler\asmtypes.cpp">
      <Filter>Source Files</Filter>
    </ClCompile>
    <ClCompile Include="C:\Server Storage\Projects\- Personal Projects\0x10c\compiler\Main.cpp">
      <Filter>Source Files</Filter>
    </ClCompile>
  </ItemGroup>
  <ItemGroup>
    <ClInclude Include="C:\Server Storage\Projects\- Personal Projects\0x10c\compiler\nodes\Lists.h">
      <Filter>Header Files\nodes</Filter>
    </ClInclude>
    <ClInclude Include="C:\Server Storage\Projects\- Personal Projects\0x10c\compiler\nodes\NAddressOfOperator.h">
      <Filter>Header Files\nodes</Filter>
    </ClInclude>
    <ClInclude Include="C:\Server Storage\Projects\- Personal Projects\0x10c\compiler\nodes\NAssignment.h">
      <Filter>Header Files\nodes</Filter>
    </ClInclude>
    <ClInclude Include="C:\Server Storage\Projects\- Personal Projects\0x10c\compiler\nodes\NBinaryOperator.h">
      <Filter>Header Files\nodes</Filter>
    </ClInclude>
    <ClInclude Include="C:\Server Storage\Projects\- Personal Projects\0x10c\compiler\nodes\NBlock.h">
      <Filter>Header Files\nodes</Filter>
    </ClInclude>
    <ClInclude Include="C:\Server Storage\Projects\- Personal Projects\0x10c\compiler\nodes\NCharacter.h">
      <Filter>Header Files\nodes</Filter>
    </ClInclude>
    <ClInclude Include="C:\Server Storage\Projects\- Personal Projects\0x10c\compiler\nodes\NDebugStatement.h">
      <Filter>Header Files\nodes</Filter>
    </ClInclude>
    <ClInclude Include="C:\Server Storage\Projects\- Personal Projects\0x10c\compiler\nodes\NDeclaration.h">
      <Filter>Header Files\nodes</Filter>
    </ClInclude>
    <ClInclude Include="C:\Server Storage\Projects\- Personal Projects\0x10c\compiler\nodes\NDeclarations.h">
      <Filter>Header Files\nodes</Filter>
    </ClInclude>
    <ClInclude Include="C:\Server Storage\Projects\- Personal Projects\0x10c\compiler\nodes\NDereferenceOperator.h">
      <Filter>Header Files\nodes</Filter>
    </ClInclude>
    <ClInclude Include="C:\Server Storage\Projects\- Personal Projects\0x10c\compiler\nodes\NExpression.h">
      <Filter>Header Files\nodes</Filter>
    </ClInclude>
    <ClInclude Include="C:\Server Storage\Projects\- Personal Projects\0x10c\compiler\nodes\NExpressionStatement.h">
      <Filter>Header Files\nodes</Filter>
    </ClInclude>
    <ClInclude Include="C:\Server Storage\Projects\- Personal Projects\0x10c\compiler\nodes\NForStatement.h">
      <Filter>Header Files\nodes</Filter>
    </ClInclude>
    <ClInclude Include="C:\Server Storage\Projects\- Personal Projects\0x10c\compiler\nodes\NFunctionDeclaration.h">
      <Filter>Header Files\nodes</Filter>
    </ClInclude>
    <ClInclude Include="C:\Server Storage\Projects\- Personal Projects\0x10c\compiler\nodes\NFunctionPointerType.h">
      <Filter>Header Files\nodes</Filter>
    </ClInclude>
    <ClInclude Include="C:\Server Storage\Projects\- Personal Projects\0x10c\compiler\nodes\NFunctionSignature.h">
      <Filter>Header Files\nodes</Filter>
    </ClInclude>
    <ClInclude Include="C:\Server Storage\Projects\- Personal Projects\0x10c\compiler\nodes\NIdentifier.h">
      <Filter>Header Files\nodes</Filter>
    </ClInclude>
    <ClInclude Include="C:\Server Storage\Projects\- Personal Projects\0x10c\compiler\nodes\NIfStatement.h">
      <Filter>Header Files\nodes</Filter>
    </ClInclude>
    <ClInclude Include="C:\Server Storage\Projects\- Personal Projects\0x10c\compiler\nodes\NInteger.h">
      <Filter>Header Files\nodes</Filter>
    </ClInclude>
    <ClInclude Include="C:\Server Storage\Projects\- Personal Projects\0x10c\compiler\nodes\NMethodCall.h">
      <Filter>Header Files\nodes</Filter>
    </ClInclude>
    <ClInclude Include="C:\Server Storage\Projects\- Personal Projects\0x10c\compiler\nodes\Node.h">
      <Filter>Header Files\nodes</Filter>
    </ClInclude>
    <ClInclude Include="C:\Server Storage\Projects\- Personal Projects\0x10c\compiler\nodes\NReturnStatement.h">
      <Filter>Header Files\nodes</Filter>
    </ClInclude>
    <ClInclude Include="C:\Server Storage\Projects\- Personal Projects\0x10c\compiler\nodes\NSizeOfOperator.h">
      <Filter>Header Files\nodes</Filter>
    </ClInclude>
    <ClInclude Include="C:\Server Storage\Projects\- Personal Projects\0x10c\compiler\nodes\NStatement.h">
      <Filter>Header Files\nodes</Filter>
    </ClInclude>
    <ClInclude Include="C:\Server Storage\Projects\- Personal Projects\0x10c\compiler\nodes\NString.h">
      <Filter>Header Files\nodes</Filter>
    </ClInclude>
    <ClInclude Include="C:\Server Storage\Projects\- Personal Projects\0x10c\compiler\nodes\NStructureDeclaration.h">
      <Filter>Header Files\nodes</Filter>
    </ClInclude>
    <ClInclude Include="C:\Server Storage\Projects\- Personal Projects\0x10c\compiler\nodes\NStructureResolutionOperator.h">
      <Filter>Header Files\nodes</Filter>
    </ClInclude>
    <ClInclude Include="C:\Server Storage\Projects\- Personal Projects\0x10c\compiler\nodes\NType.h">
      <Filter>Header Files\nodes</Filter>
    </ClInclude>
    <ClInclude Include="C:\Server Storage\Projects\- Personal Projects\0x10c\compiler\nodes\NVariableDeclaration.h">
      <Filter>Header Files\nodes</Filter>
    </ClInclude>
    <ClInclude Include="C:\Server Storage\Projects\- Personal Projects\0x10c\compiler\nodes\NWhileStatement.h">
      <Filter>Header Files\nodes</Filter>
    </ClInclude>
    <ClInclude Include="C:\Server Storage\Projects\- Personal Projects\0x10c\compiler\asmgen.h">
      <Filter>Header Files</Filter>
    </ClInclude>
    <ClInclude Include="C:\Server Storage\Projects\- Personal Projects\0x10c\compiler\asmtypes.h">
      <Filter>Header Files</Filter>
    </ClInclude>
    <ClInclude Include="C:\Server Storage\Projects\- Personal Projects\0x10c\compiler\node.h">
      <Filter>Header Files</Filter>
    </ClInclude>
    <ClInclude Include="C:\Server Storage\Projects\- Personal Projects\0x10c\compiler\pp.h">
      <Filter>Header Files</Filter>
    </ClInclude>
    <ClInclude Include="C:\Server Storage\Projects\- Personal Projects\0x10c\compiler\parser.hpp">
      <Filter>Header Files</Filter>
    </ClInclude>
  </ItemGroup>
  <ItemGroup>
  </ItemGroup>
  <ItemGroup>
  </ItemGroup>
  <ItemGroup>
    <CustomBuild Include="parser.cpp.rule">
      <Filter>CMake Rules</Filter>
    </CustomBuild>
    <CustomBuild Include="lexer.cpp.rule">
      <Filter>CMake Rules</Filter>
    </CustomBuild>
    <CustomBuild Include="parser.hpp.rule">
      <Filter>CMake Rules</Filter>
    </CustomBuild>
    <CustomBuild Include="CMakeLists.txt" />
  </ItemGroup>
  <ItemGroup>
    <Filter Include="Source Files\nodes">
      <UniqueIdentifier>{861F5722-F45A-461D-A2F1-1756CACA996C}</UniqueIdentifier>
    </Filter>
    <Filter Include="Header Files\nodes">
      <UniqueIdentifier>{AC9C7B14-AC5A-4902-8C74-1BD8B79EDB15}</UniqueIdentifier>
    </Filter>
    <Filter Include="Source Files">
      <UniqueIdentifier>{D6BF89B7-95B4-476C-A2C9-DF470DA7687F}</UniqueIdentifier>
    </Filter>
    <Filter Include="Header Files">
      <UniqueIdentifier>{3DB7EA69-17E0-4761-9E4E-2EA4F1BB7C39}</UniqueIdentifier>
    </Filter>
    <Filter Include="CMake Rules">
      <UniqueIdentifier>{2B7F3704-85F3-412C-BBB2-B9510A106AF9}</UniqueIdentifier>
    </Filter>
    <Filter Include="Lexer / Parser Files">
      <UniqueIdentifier>{95EBCC86-3F3D-4813-BE28-D1A03BED59E0}</UniqueIdentifier>
    </Filter>
  </ItemGroup>
  <ItemGroup>
    <None Include="C:\Server Storage\Projects\- Personal Projects\0x10c\compiler\parser.y">
      <Filter>Lexer / Parser Files</Filter>
    </None>
    <None Include="C:\Server Storage\Projects\- Personal Projects\0x10c\compiler\lexer.l">
      <Filter>Lexer / Parser Files</Filter>
    </None>
  </ItemGroup>
</Project>
